// !$*UTF8*$!
{
	archiveVersion = 1;
	classes = {
	};
	objectVersion = 46;
	objects = {

/* Begin PBXBuildFile section */
		F33EF7DA1A43CFC300877678 /* pin_blue.png in Resources */ = {isa = PBXBuildFile; fileRef = F33EF7D91A43CFC300877678 /* pin_blue.png */; };
		F33EF7E21A43D33100877678 /* tape_002.png in Resources */ = {isa = PBXBuildFile; fileRef = F33EF7DE1A43D33100877678 /* tape_002.png */; };
		F33EF7E31A43D33100877678 /* tape_003.png in Resources */ = {isa = PBXBuildFile; fileRef = F33EF7DF1A43D33100877678 /* tape_003.png */; };
		F33EF7E41A43D33100877678 /* tape_001.png in Resources */ = {isa = PBXBuildFile; fileRef = F33EF7E01A43D33100877678 /* tape_001.png */; };
		F33EF7E51A43D33100877678 /* tape_004.png in Resources */ = {isa = PBXBuildFile; fileRef = F33EF7E11A43D33100877678 /* tape_004.png */; };
		F33EF7E71A43D34100877678 /* tape_005.png in Resources */ = {isa = PBXBuildFile; fileRef = F33EF7E61A43D34100877678 /* tape_005.png */; };
		F33EF7ED1A43E1BB00877678 /* fukidashi_001.png in Resources */ = {isa = PBXBuildFile; fileRef = F33EF7E81A43E1BB00877678 /* fukidashi_001.png */; };
		F33EF7EE1A43E1BB00877678 /* fukidashi_002.png in Resources */ = {isa = PBXBuildFile; fileRef = F33EF7E91A43E1BB00877678 /* fukidashi_002.png */; };
		F33EF7EF1A43E1BB00877678 /* fukidashi_005.png in Resources */ = {isa = PBXBuildFile; fileRef = F33EF7EA1A43E1BB00877678 /* fukidashi_005.png */; };
		F33EF7F01A43E1BB00877678 /* fukidashi_003.png in Resources */ = {isa = PBXBuildFile; fileRef = F33EF7EB1A43E1BB00877678 /* fukidashi_003.png */; };
		F33EF7F11A43E1BB00877678 /* fukidashi_004.png in Resources */ = {isa = PBXBuildFile; fileRef = F33EF7EC1A43E1BB00877678 /* fukidashi_004.png */; };
		F33EF7F41A43E53C00877678 /* frame_001.png in Resources */ = {isa = PBXBuildFile; fileRef = F33EF7F31A43E53C00877678 /* frame_001.png */; };
		F33EF7F61A43E57E00877678 /* frame_002.png in Resources */ = {isa = PBXBuildFile; fileRef = F33EF7F51A43E57E00877678 /* frame_002.png */; };
		F3835A8C1A42868D000456A0 /* kagee.png in Resources */ = {isa = PBXBuildFile; fileRef = F3835A8B1A42868D000456A0 /* kagee.png */; };
		F3835A8F1A429B79000456A0 /* json.swift in Sources */ = {isa = PBXBuildFile; fileRef = F3835A8E1A429B79000456A0 /* json.swift */; };
		F3835A911A429C42000456A0 /* filter_001.json in Resources */ = {isa = PBXBuildFile; fileRef = F3835A901A429C42000456A0 /* filter_001.json */; };
		F3835A931A429C6C000456A0 /* filter_002.json in Resources */ = {isa = PBXBuildFile; fileRef = F3835A921A429C6C000456A0 /* filter_002.json */; };
		F3835A951A429C7A000456A0 /* filter_003.json in Resources */ = {isa = PBXBuildFile; fileRef = F3835A941A429C7A000456A0 /* filter_003.json */; };
		F3835A971A429C85000456A0 /* filter_004.json in Resources */ = {isa = PBXBuildFile; fileRef = F3835A961A429C85000456A0 /* filter_004.json */; };
		F3835A991A429C95000456A0 /* filter_005.json in Resources */ = {isa = PBXBuildFile; fileRef = F3835A981A429C95000456A0 /* filter_005.json */; };
		F3835A9B1A42CAE7000456A0 /* circle.png in Resources */ = {isa = PBXBuildFile; fileRef = F3835A9A1A42CAE7000456A0 /* circle.png */; };
		F3835A9D1A42CAEB000456A0 /* fukidashi.png in Resources */ = {isa = PBXBuildFile; fileRef = F3835A9C1A42CAEB000456A0 /* fukidashi.png */; };
		F3835A9F1A42CAF1000456A0 /* star.png in Resources */ = {isa = PBXBuildFile; fileRef = F3835A9E1A42CAF1000456A0 /* star.png */; };
		F3835AA11A42CF05000456A0 /* back_006.png in Resources */ = {isa = PBXBuildFile; fileRef = F3835AA01A42CF05000456A0 /* back_006.png */; };
		F3835AA31A42D0C0000456A0 /* back_007.png in Resources */ = {isa = PBXBuildFile; fileRef = F3835AA21A42D0C0000456A0 /* back_007.png */; };
		F3835AA51A42D545000456A0 /* back_008.png in Resources */ = {isa = PBXBuildFile; fileRef = F3835AA41A42D545000456A0 /* back_008.png */; };
		F3AD38EE1A41502F00F7BB89 /* AppDelegate.swift in Sources */ = {isa = PBXBuildFile; fileRef = F3AD38ED1A41502F00F7BB89 /* AppDelegate.swift */; };
		F3AD38F01A41502F00F7BB89 /* ViewController.swift in Sources */ = {isa = PBXBuildFile; fileRef = F3AD38EF1A41502F00F7BB89 /* ViewController.swift */; };
		F3AD38F31A41502F00F7BB89 /* Main.storyboard in Resources */ = {isa = PBXBuildFile; fileRef = F3AD38F11A41502F00F7BB89 /* Main.storyboard */; };
		F3AD38F51A41502F00F7BB89 /* Images.xcassets in Resources */ = {isa = PBXBuildFile; fileRef = F3AD38F41A41502F00F7BB89 /* Images.xcassets */; };
		F3AD38F81A41502F00F7BB89 /* LaunchScreen.xib in Resources */ = {isa = PBXBuildFile; fileRef = F3AD38F61A41502F00F7BB89 /* LaunchScreen.xib */; };
		F3AD39041A41502F00F7BB89 /* ScrapFaceDemoTests.swift in Sources */ = {isa = PBXBuildFile; fileRef = F3AD39031A41502F00F7BB89 /* ScrapFaceDemoTests.swift */; };
		F3AD390F1A41551200F7BB89 /* syugou.jpg in Resources */ = {isa = PBXBuildFile; fileRef = F3AD390E1A41551200F7BB89 /* syugou.jpg */; };
		F3AD39111A416A7F00F7BB89 /* Extension.swift in Sources */ = {isa = PBXBuildFile; fileRef = F3AD39101A416A7F00F7BB89 /* Extension.swift */; };
		F3AD39131A416BF100F7BB89 /* face_mask.png in Resources */ = {isa = PBXBuildFile; fileRef = F3AD39121A416BF100F7BB89 /* face_mask.png */; };
		F3AD39151A41706B00F7BB89 /* utyujin.png in Resources */ = {isa = PBXBuildFile; fileRef = F3AD39141A41706B00F7BB89 /* utyujin.png */; };
		F3AD39171A41770800F7BB89 /* space.jpg in Resources */ = {isa = PBXBuildFile; fileRef = F3AD39161A41770800F7BB89 /* space.jpg */; };
		F3AD39191A4180A200F7BB89 /* CoreImage.framework in Frameworks */ = {isa = PBXBuildFile; fileRef = F3AD39181A4180A200F7BB89 /* CoreImage.framework */; };
		F3AD391B1A4180B500F7BB89 /* Photos.framework in Frameworks */ = {isa = PBXBuildFile; fileRef = F3AD391A1A4180B500F7BB89 /* Photos.framework */; };
		F3AD391D1A41862000F7BB89 /* IMG_0444.JPG in Resources */ = {isa = PBXBuildFile; fileRef = F3AD391C1A41862000F7BB89 /* IMG_0444.JPG */; };
		F3AD391F1A426A7E00F7BB89 /* back_001.png in Resources */ = {isa = PBXBuildFile; fileRef = F3AD391E1A426A7E00F7BB89 /* back_001.png */; };
		F3AD39211A426B2F00F7BB89 /* back_002.png in Resources */ = {isa = PBXBuildFile; fileRef = F3AD39201A426B2F00F7BB89 /* back_002.png */; };
		F3AD39231A426B6200F7BB89 /* back_003.png in Resources */ = {isa = PBXBuildFile; fileRef = F3AD39221A426B6200F7BB89 /* back_003.png */; };
		F3AD39251A426C1000F7BB89 /* back_005.png in Resources */ = {isa = PBXBuildFile; fileRef = F3AD39241A426C1000F7BB89 /* back_005.png */; };
		F3AD39271A426C1300F7BB89 /* back_004.png in Resources */ = {isa = PBXBuildFile; fileRef = F3AD39261A426C1300F7BB89 /* back_004.png */; };
/* End PBXBuildFile section */

/* Begin PBXContainerItemProxy section */
		F3AD38FE1A41502F00F7BB89 /* PBXContainerItemProxy */ = {
			isa = PBXContainerItemProxy;
			containerPortal = F3AD38E01A41502F00F7BB89 /* Project object */;
			proxyType = 1;
			remoteGlobalIDString = F3AD38E71A41502F00F7BB89;
			remoteInfo = ScrapFaceDemo;
		};
/* End PBXContainerItemProxy section */

/* Begin PBXFileReference section */
		F33EF7D91A43CFC300877678 /* pin_blue.png */ = {isa = PBXFileReference; lastKnownFileType = image.png; path = pin_blue.png; sourceTree = "<group>"; };
		F33EF7DE1A43D33100877678 /* tape_002.png */ = {isa = PBXFileReference; lastKnownFileType = image.png; path = tape_002.png; sourceTree = "<group>"; };
		F33EF7DF1A43D33100877678 /* tape_003.png */ = {isa = PBXFileReference; lastKnownFileType = image.png; path = tape_003.png; sourceTree = "<group>"; };
		F33EF7E01A43D33100877678 /* tape_001.png */ = {isa = PBXFileReference; lastKnownFileType = image.png; path = tape_001.png; sourceTree = "<group>"; };
		F33EF7E11A43D33100877678 /* tape_004.png */ = {isa = PBXFileReference; lastKnownFileType = image.png; path = tape_004.png; sourceTree = "<group>"; };
		F33EF7E61A43D34100877678 /* tape_005.png */ = {isa = PBXFileReference; lastKnownFileType = image.png; path = tape_005.png; sourceTree = "<group>"; };
		F33EF7E81A43E1BB00877678 /* fukidashi_001.png */ = {isa = PBXFileReference; lastKnownFileType = image.png; path = fukidashi_001.png; sourceTree = "<group>"; };
		F33EF7E91A43E1BB00877678 /* fukidashi_002.png */ = {isa = PBXFileReference; lastKnownFileType = image.png; path = fukidashi_002.png; sourceTree = "<group>"; };
		F33EF7EA1A43E1BB00877678 /* fukidashi_005.png */ = {isa = PBXFileReference; lastKnownFileType = image.png; path = fukidashi_005.png; sourceTree = "<group>"; };
		F33EF7EB1A43E1BB00877678 /* fukidashi_003.png */ = {isa = PBXFileReference; lastKnownFileType = image.png; path = fukidashi_003.png; sourceTree = "<group>"; };
		F33EF7EC1A43E1BB00877678 /* fukidashi_004.png */ = {isa = PBXFileReference; lastKnownFileType = image.png; path = fukidashi_004.png; sourceTree = "<group>"; };
		F33EF7F31A43E53C00877678 /* frame_001.png */ = {isa = PBXFileReference; lastKnownFileType = image.png; path = frame_001.png; sourceTree = "<group>"; };
		F33EF7F51A43E57E00877678 /* frame_002.png */ = {isa = PBXFileReference; lastKnownFileType = image.png; path = frame_002.png; sourceTree = "<group>"; };
		F3835A8B1A42868D000456A0 /* kagee.png */ = {isa = PBXFileReference; lastKnownFileType = image.png; path = kagee.png; sourceTree = "<group>"; };
		F3835A8E1A429B79000456A0 /* json.swift */ = {isa = PBXFileReference; fileEncoding = 4; lastKnownFileType = sourcecode.swift; path = json.swift; sourceTree = "<group>"; };
		F3835A901A429C42000456A0 /* filter_001.json */ = {isa = PBXFileReference; fileEncoding = 4; lastKnownFileType = text.json; path = filter_001.json; sourceTree = "<group>"; };
		F3835A921A429C6C000456A0 /* filter_002.json */ = {isa = PBXFileReference; fileEncoding = 4; lastKnownFileType = text.json; path = filter_002.json; sourceTree = "<group>"; };
		F3835A941A429C7A000456A0 /* filter_003.json */ = {isa = PBXFileReference; fileEncoding = 4; lastKnownFileType = text.json; path = filter_003.json; sourceTree = "<group>"; };
		F3835A961A429C85000456A0 /* filter_004.json */ = {isa = PBXFileReference; fileEncoding = 4; lastKnownFileType = text.json; path = filter_004.json; sourceTree = "<group>"; };
		F3835A981A429C95000456A0 /* filter_005.json */ = {isa = PBXFileReference; fileEncoding = 4; lastKnownFileType = text.json; path = filter_005.json; sourceTree = "<group>"; };
		F3835A9A1A42CAE7000456A0 /* circle.png */ = {isa = PBXFileReference; lastKnownFileType = image.png; path = circle.png; sourceTree = "<group>"; };
		F3835A9C1A42CAEB000456A0 /* fukidashi.png */ = {isa = PBXFileReference; lastKnownFileType = image.png; path = fukidashi.png; sourceTree = "<group>"; };
		F3835A9E1A42CAF1000456A0 /* star.png */ = {isa = PBXFileReference; lastKnownFileType = image.png; path = star.png; sourceTree = "<group>"; };
		F3835AA01A42CF05000456A0 /* back_006.png */ = {isa = PBXFileReference; lastKnownFileType = image.png; path = back_006.png; sourceTree = "<group>"; };
		F3835AA21A42D0C0000456A0 /* back_007.png */ = {isa = PBXFileReference; lastKnownFileType = image.png; path = back_007.png; sourceTree = "<group>"; };
		F3835AA41A42D545000456A0 /* back_008.png */ = {isa = PBXFileReference; lastKnownFileType = image.png; path = back_008.png; sourceTree = "<group>"; };
		F3AD38E81A41502F00F7BB89 /* ScrapFaceDemo.app */ = {isa = PBXFileReference; explicitFileType = wrapper.application; includeInIndex = 0; path = ScrapFaceDemo.app; sourceTree = BUILT_PRODUCTS_DIR; };
		F3AD38EC1A41502F00F7BB89 /* Info.plist */ = {isa = PBXFileReference; lastKnownFileType = text.plist.xml; path = Info.plist; sourceTree = "<group>"; };
		F3AD38ED1A41502F00F7BB89 /* AppDelegate.swift */ = {isa = PBXFileReference; lastKnownFileType = sourcecode.swift; path = AppDelegate.swift; sourceTree = "<group>"; };
		F3AD38EF1A41502F00F7BB89 /* ViewController.swift */ = {isa = PBXFileReference; lastKnownFileType = sourcecode.swift; path = ViewController.swift; sourceTree = "<group>"; };
		F3AD38F21A41502F00F7BB89 /* Base */ = {isa = PBXFileReference; lastKnownFileType = file.storyboard; name = Base; path = Base.lproj/Main.storyboard; sourceTree = "<group>"; };
		F3AD38F41A41502F00F7BB89 /* Images.xcassets */ = {isa = PBXFileReference; lastKnownFileType = folder.assetcatalog; path = Images.xcassets; sourceTree = "<group>"; };
		F3AD38F71A41502F00F7BB89 /* Base */ = {isa = PBXFileReference; lastKnownFileType = file.xib; name = Base; path = Base.lproj/LaunchScreen.xib; sourceTree = "<group>"; };
		F3AD38FD1A41502F00F7BB89 /* ScrapFaceDemoTests.xctest */ = {isa = PBXFileReference; explicitFileType = wrapper.cfbundle; includeInIndex = 0; path = ScrapFaceDemoTests.xctest; sourceTree = BUILT_PRODUCTS_DIR; };
		F3AD39021A41502F00F7BB89 /* Info.plist */ = {isa = PBXFileReference; lastKnownFileType = text.plist.xml; path = Info.plist; sourceTree = "<group>"; };
		F3AD39031A41502F00F7BB89 /* ScrapFaceDemoTests.swift */ = {isa = PBXFileReference; lastKnownFileType = sourcecode.swift; path = ScrapFaceDemoTests.swift; sourceTree = "<group>"; };
		F3AD390E1A41551200F7BB89 /* syugou.jpg */ = {isa = PBXFileReference; lastKnownFileType = image.jpeg; path = syugou.jpg; sourceTree = "<group>"; };
		F3AD39101A416A7F00F7BB89 /* Extension.swift */ = {isa = PBXFileReference; fileEncoding = 4; lastKnownFileType = sourcecode.swift; path = Extension.swift; sourceTree = "<group>"; };
		F3AD39121A416BF100F7BB89 /* face_mask.png */ = {isa = PBXFileReference; lastKnownFileType = image.png; path = face_mask.png; sourceTree = "<group>"; };
		F3AD39141A41706B00F7BB89 /* utyujin.png */ = {isa = PBXFileReference; lastKnownFileType = image.png; path = utyujin.png; sourceTree = "<group>"; };
		F3AD39161A41770800F7BB89 /* space.jpg */ = {isa = PBXFileReference; lastKnownFileType = image.jpeg; path = space.jpg; sourceTree = "<group>"; };
		F3AD39181A4180A200F7BB89 /* CoreImage.framework */ = {isa = PBXFileReference; lastKnownFileType = wrapper.framework; name = CoreImage.framework; path = System/Library/Frameworks/CoreImage.framework; sourceTree = SDKROOT; };
		F3AD391A1A4180B500F7BB89 /* Photos.framework */ = {isa = PBXFileReference; lastKnownFileType = wrapper.framework; name = Photos.framework; path = System/Library/Frameworks/Photos.framework; sourceTree = SDKROOT; };
		F3AD391C1A41862000F7BB89 /* IMG_0444.JPG */ = {isa = PBXFileReference; lastKnownFileType = image.jpeg; name = IMG_0444.JPG; path = ../../../Downloads/IMG_0444.JPG; sourceTree = "<group>"; };
		F3AD391E1A426A7E00F7BB89 /* back_001.png */ = {isa = PBXFileReference; lastKnownFileType = image.png; path = back_001.png; sourceTree = "<group>"; };
		F3AD39201A426B2F00F7BB89 /* back_002.png */ = {isa = PBXFileReference; lastKnownFileType = image.png; path = back_002.png; sourceTree = "<group>"; };
		F3AD39221A426B6200F7BB89 /* back_003.png */ = {isa = PBXFileReference; lastKnownFileType = image.png; path = back_003.png; sourceTree = "<group>"; };
		F3AD39241A426C1000F7BB89 /* back_005.png */ = {isa = PBXFileReference; lastKnownFileType = image.png; path = back_005.png; sourceTree = "<group>"; };
		F3AD39261A426C1300F7BB89 /* back_004.png */ = {isa = PBXFileReference; lastKnownFileType = image.png; path = back_004.png; sourceTree = "<group>"; };
/* End PBXFileReference section */

/* Begin PBXFrameworksBuildPhase section */
		F3AD38E51A41502F00F7BB89 /* Frameworks */ = {
			isa = PBXFrameworksBuildPhase;
			buildActionMask = 2147483647;
			files = (
				F3AD391B1A4180B500F7BB89 /* Photos.framework in Frameworks */,
				F3AD39191A4180A200F7BB89 /* CoreImage.framework in Frameworks */,
			);
			runOnlyForDeploymentPostprocessing = 0;
		};
		F3AD38FA1A41502F00F7BB89 /* Frameworks */ = {
			isa = PBXFrameworksBuildPhase;
			buildActionMask = 2147483647;
			files = (
			);
			runOnlyForDeploymentPostprocessing = 0;
		};
/* End PBXFrameworksBuildPhase section */

/* Begin PBXGroup section */
		F33EF7DB1A43D25A00877678 /* back */ = {
			isa = PBXGroup;
			children = (
				F3AD39241A426C1000F7BB89 /* back_005.png */,
				F3AD39161A41770800F7BB89 /* space.jpg */,
				F3AD39261A426C1300F7BB89 /* back_004.png */,
				F3835AA41A42D545000456A0 /* back_008.png */,
				F3AD39221A426B6200F7BB89 /* back_003.png */,
				F3AD391E1A426A7E00F7BB89 /* back_001.png */,
				F3835AA21A42D0C0000456A0 /* back_007.png */,
				F3AD39201A426B2F00F7BB89 /* back_002.png */,
				F3835AA01A42CF05000456A0 /* back_006.png */,
			);
			name = back;
			sourceTree = "<group>";
		};
		F33EF7DC1A43D26200877678 /* mask */ = {
			isa = PBXGroup;
			children = (
				F3835A8B1A42868D000456A0 /* kagee.png */,
				F3835A9A1A42CAE7000456A0 /* circle.png */,
				F3835A9E1A42CAF1000456A0 /* star.png */,
				F3AD39121A416BF100F7BB89 /* face_mask.png */,
				F3835A9C1A42CAEB000456A0 /* fukidashi.png */,
			);
			name = mask;
			sourceTree = "<group>";
		};
		F33EF7DD1A43D26700877678 /* ornament */ = {
			isa = PBXGroup;
			children = (
				F33EF7E81A43E1BB00877678 /* fukidashi_001.png */,
				F33EF7E91A43E1BB00877678 /* fukidashi_002.png */,
				F33EF7EA1A43E1BB00877678 /* fukidashi_005.png */,
				F33EF7EB1A43E1BB00877678 /* fukidashi_003.png */,
				F33EF7EC1A43E1BB00877678 /* fukidashi_004.png */,
				F33EF7E61A43D34100877678 /* tape_005.png */,
				F33EF7DE1A43D33100877678 /* tape_002.png */,
				F33EF7DF1A43D33100877678 /* tape_003.png */,
				F33EF7E01A43D33100877678 /* tape_001.png */,
				F33EF7E11A43D33100877678 /* tape_004.png */,
				F33EF7D91A43CFC300877678 /* pin_blue.png */,
			);
			name = ornament;
			sourceTree = "<group>";
		};
		F33EF7F21A43E51F00877678 /* frame */ = {
			isa = PBXGroup;
			children = (
				F33EF7F51A43E57E00877678 /* frame_002.png */,
				F33EF7F31A43E53C00877678 /* frame_001.png */,
			);
			name = frame;
			sourceTree = "<group>";
		};
		F3835A8D1A42869B000456A0 /* images */ = {
			isa = PBXGroup;
			children = (
				F33EF7F21A43E51F00877678 /* frame */,
				F33EF7DD1A43D26700877678 /* ornament */,
				F33EF7DC1A43D26200877678 /* mask */,
				F33EF7DB1A43D25A00877678 /* back */,
				F3AD39141A41706B00F7BB89 /* utyujin.png */,
				F3AD391C1A41862000F7BB89 /* IMG_0444.JPG */,
				F3AD390E1A41551200F7BB89 /* syugou.jpg */,
			);
			name = images;
			sourceTree = "<group>";
		};
		F3AD38DF1A41502F00F7BB89 = {
			isa = PBXGroup;
			children = (
				F3AD391A1A4180B500F7BB89 /* Photos.framework */,
				F3AD39181A4180A200F7BB89 /* CoreImage.framework */,
				F3AD38EA1A41502F00F7BB89 /* ScrapFaceDemo */,
				F3AD39001A41502F00F7BB89 /* ScrapFaceDemoTests */,
				F3AD38E91A41502F00F7BB89 /* Products */,
			);
			sourceTree = "<group>";
		};
		F3AD38E91A41502F00F7BB89 /* Products */ = {
			isa = PBXGroup;
			children = (
				F3AD38E81A41502F00F7BB89 /* ScrapFaceDemo.app */,
				F3AD38FD1A41502F00F7BB89 /* ScrapFaceDemoTests.xctest */,
			);
			name = Products;
			sourceTree = "<group>";
		};
		F3AD38EA1A41502F00F7BB89 /* ScrapFaceDemo */ = {
			isa = PBXGroup;
			children = (
				F3835A8D1A42869B000456A0 /* images */,
				F3AD38ED1A41502F00F7BB89 /* AppDelegate.swift */,
				F3AD38EF1A41502F00F7BB89 /* ViewController.swift */,
				F3AD38F11A41502F00F7BB89 /* Main.storyboard */,
				F3AD38F41A41502F00F7BB89 /* Images.xcassets */,
				F3AD38F61A41502F00F7BB89 /* LaunchScreen.xib */,
				F3AD38EB1A41502F00F7BB89 /* Supporting Files */,
				F3AD39101A416A7F00F7BB89 /* Extension.swift */,
				F3835A8E1A429B79000456A0 /* json.swift */,
				F3835A901A429C42000456A0 /* filter_001.json */,
				F3835A921A429C6C000456A0 /* filter_002.json */,
				F3835A941A429C7A000456A0 /* filter_003.json */,
				F3835A961A429C85000456A0 /* filter_004.json */,
				F3835A981A429C95000456A0 /* filter_005.json */,
			);
			path = ScrapFaceDemo;
			sourceTree = "<group>";
		};
		F3AD38EB1A41502F00F7BB89 /* Supporting Files */ = {
			isa = PBXGroup;
			children = (
				F3AD38EC1A41502F00F7BB89 /* Info.plist */,
			);
			name = "Supporting Files";
			sourceTree = "<group>";
		};
		F3AD39001A41502F00F7BB89 /* ScrapFaceDemoTests */ = {
			isa = PBXGroup;
			children = (
				F3AD39031A41502F00F7BB89 /* ScrapFaceDemoTests.swift */,
				F3AD39011A41502F00F7BB89 /* Supporting Files */,
			);
			path = ScrapFaceDemoTests;
			sourceTree = "<group>";
		};
		F3AD39011A41502F00F7BB89 /* Supporting Files */ = {
			isa = PBXGroup;
			children = (
				F3AD39021A41502F00F7BB89 /* Info.plist */,
			);
			name = "Supporting Files";
			sourceTree = "<group>";
		};
/* End PBXGroup section */

/* Begin PBXNativeTarget section */
		F3AD38E71A41502F00F7BB89 /* ScrapFaceDemo */ = {
			isa = PBXNativeTarget;
			buildConfigurationList = F3AD39071A41502F00F7BB89 /* Build configuration list for PBXNativeTarget "ScrapFaceDemo" */;
			buildPhases = (
				F3AD38E41A41502F00F7BB89 /* Sources */,
				F3AD38E51A41502F00F7BB89 /* Frameworks */,
				F3AD38E61A41502F00F7BB89 /* Resources */,
			);
			buildRules = (
			);
			dependencies = (
			);
			name = ScrapFaceDemo;
			productName = ScrapFaceDemo;
			productReference = F3AD38E81A41502F00F7BB89 /* ScrapFaceDemo.app */;
			productType = "com.apple.product-type.application";
		};
		F3AD38FC1A41502F00F7BB89 /* ScrapFaceDemoTests */ = {
			isa = PBXNativeTarget;
			buildConfigurationList = F3AD390A1A41502F00F7BB89 /* Build configuration list for PBXNativeTarget "ScrapFaceDemoTests" */;
			buildPhases = (
				F3AD38F91A41502F00F7BB89 /* Sources */,
				F3AD38FA1A41502F00F7BB89 /* Frameworks */,
				F3AD38FB1A41502F00F7BB89 /* Resources */,
			);
			buildRules = (
			);
			dependencies = (
				F3AD38FF1A41502F00F7BB89 /* PBXTargetDependency */,
			);
			name = ScrapFaceDemoTests;
			productName = ScrapFaceDemoTests;
			productReference = F3AD38FD1A41502F00F7BB89 /* ScrapFaceDemoTests.xctest */;
			productType = "com.apple.product-type.bundle.unit-test";
		};
/* End PBXNativeTarget section */

/* Begin PBXProject section */
		F3AD38E01A41502F00F7BB89 /* Project object */ = {
			isa = PBXProject;
			attributes = {
				LastUpgradeCheck = 0610;
				ORGANIZATIONNAME = "Fumitoshi Ogata";
				TargetAttributes = {
					F3AD38E71A41502F00F7BB89 = {
						CreatedOnToolsVersion = 6.1.1;
						DevelopmentTeam = S5Z9R3TYZT;
					};
					F3AD38FC1A41502F00F7BB89 = {
						CreatedOnToolsVersion = 6.1.1;
						TestTargetID = F3AD38E71A41502F00F7BB89;
					};
				};
			};
			buildConfigurationList = F3AD38E31A41502F00F7BB89 /* Build configuration list for PBXProject "ScrapFaceDemo" */;
			compatibilityVersion = "Xcode 3.2";
			developmentRegion = English;
			hasScannedForEncodings = 0;
			knownRegions = (
				en,
				Base,
			);
			mainGroup = F3AD38DF1A41502F00F7BB89;
			productRefGroup = F3AD38E91A41502F00F7BB89 /* Products */;
			projectDirPath = "";
			projectRoot = "";
			targets = (
				F3AD38E71A41502F00F7BB89 /* ScrapFaceDemo */,
				F3AD38FC1A41502F00F7BB89 /* ScrapFaceDemoTests */,
			);
		};
/* End PBXProject section */

/* Begin PBXResourcesBuildPhase section */
		F3AD38E61A41502F00F7BB89 /* Resources */ = {
			isa = PBXResourcesBuildPhase;
			buildActionMask = 2147483647;
			files = (
				F3AD38F31A41502F00F7BB89 /* Main.storyboard in Resources */,
				F3AD39231A426B6200F7BB89 /* back_003.png in Resources */,
				F3835AA51A42D545000456A0 /* back_008.png in Resources */,
				F3835A911A429C42000456A0 /* filter_001.json in Resources */,
				F33EF7EE1A43E1BB00877678 /* fukidashi_002.png in Resources */,
				F3835A991A429C95000456A0 /* filter_005.json in Resources */,
				F33EF7E71A43D34100877678 /* tape_005.png in Resources */,
				F3835AA11A42CF05000456A0 /* back_006.png in Resources */,
				F33EF7F61A43E57E00877678 /* frame_002.png in Resources */,
				F33EF7E21A43D33100877678 /* tape_002.png in Resources */,
				F3AD39271A426C1300F7BB89 /* back_004.png in Resources */,
				F3AD391F1A426A7E00F7BB89 /* back_001.png in Resources */,
				F3835A951A429C7A000456A0 /* filter_003.json in Resources */,
				F3835A9B1A42CAE7000456A0 /* circle.png in Resources */,
				F33EF7ED1A43E1BB00877678 /* fukidashi_001.png in Resources */,
				F33EF7EF1A43E1BB00877678 /* fukidashi_005.png in Resources */,
				F33EF7E31A43D33100877678 /* tape_003.png in Resources */,
				F33EF7E51A43D33100877678 /* tape_004.png in Resources */,
				F3AD390F1A41551200F7BB89 /* syugou.jpg in Resources */,
				F33EF7DA1A43CFC300877678 /* pin_blue.png in Resources */,
				F33EF7F11A43E1BB00877678 /* fukidashi_004.png in Resources */,
				F3AD39251A426C1000F7BB89 /* back_005.png in Resources */,
				F3835A971A429C85000456A0 /* filter_004.json in Resources */,
				F3AD38F81A41502F00F7BB89 /* LaunchScreen.xib in Resources */,
				F3AD391D1A41862000F7BB89 /* IMG_0444.JPG in Resources */,
				F3AD38F51A41502F00F7BB89 /* Images.xcassets in Resources */,
				F33EF7F01A43E1BB00877678 /* fukidashi_003.png in Resources */,
				F3835A9F1A42CAF1000456A0 /* star.png in Resources */,
				F3AD39151A41706B00F7BB89 /* utyujin.png in Resources */,
				F3AD39211A426B2F00F7BB89 /* back_002.png in Resources */,
				F3AD39131A416BF100F7BB89 /* face_mask.png in Resources */,
				F3AD39171A41770800F7BB89 /* space.jpg in Resources */,
				F33EF7F41A43E53C00877678 /* frame_001.png in Resources */,
				F33EF7E41A43D33100877678 /* tape_001.png in Resources */,
				F3835A9D1A42CAEB000456A0 /* fukidashi.png in Resources */,
				F3835A931A429C6C000456A0 /* filter_002.json in Resources */,
				F3835AA31A42D0C0000456A0 /* back_007.png in Resources */,
				F3835A8C1A42868D000456A0 /* kagee.png in Resources */,
			);
			runOnlyForDeploymentPostprocessing = 0;
		};
		F3AD38FB1A41502F00F7BB89 /* Resources */ = {
			isa = PBXResourcesBuildPhase;
			buildActionMask = 2147483647;
			files = (
			);
			runOnlyForDeploymentPostprocessing = 0;
		};
/* End PBXResourcesBuildPhase section */

/* Begin PBXSourcesBuildPhase section */
		F3AD38E41A41502F00F7BB89 /* Sources */ = {
			isa = PBXSourcesBuildPhase;
			buildActionMask = 2147483647;
			files = (
				F3AD39111A416A7F00F7BB89 /* Extension.swift in Sources */,
				F3AD38F01A41502F00F7BB89 /* ViewController.swift in Sources */,
				F3AD38EE1A41502F00F7BB89 /* AppDelegate.swift in Sources */,
				F3835A8F1A429B79000456A0 /* json.swift in Sources */,
			);
			runOnlyForDeploymentPostprocessing = 0;
		};
		F3AD38F91A41502F00F7BB89 /* Sources */ = {
			isa = PBXSourcesBuildPhase;
			buildActionMask = 2147483647;
			files = (
				F3AD39041A41502F00F7BB89 /* ScrapFaceDemoTests.swift in Sources */,
			);
			runOnlyForDeploymentPostprocessing = 0;
		};
/* End PBXSourcesBuildPhase section */

/* Begin PBXTargetDependency section */
		F3AD38FF1A41502F00F7BB89 /* PBXTargetDependency */ = {
			isa = PBXTargetDependency;
			target = F3AD38E71A41502F00F7BB89 /* ScrapFaceDemo */;
			targetProxy = F3AD38FE1A41502F00F7BB89 /* PBXContainerItemProxy */;
		};
/* End PBXTargetDependency section */

/* Begin PBXVariantGroup section */
		F3AD38F11A41502F00F7BB89 /* Main.storyboard */ = {
			isa = PBXVariantGroup;
			children = (
				F3AD38F21A41502F00F7BB89 /* Base */,
			);
			name = Main.storyboard;
			sourceTree = "<group>";
		};
		F3AD38F61A41502F00F7BB89 /* LaunchScreen.xib */ = {
			isa = PBXVariantGroup;
			children = (
				F3AD38F71A41502F00F7BB89 /* Base */,
			);
			name = LaunchScreen.xib;
			sourceTree = "<group>";
		};
/* End PBXVariantGroup section */

/* Begin XCBuildConfiguration section */
		F3AD39051A41502F00F7BB89 /* Debug */ = {
			isa = XCBuildConfiguration;
			buildSettings = {
				ALWAYS_SEARCH_USER_PATHS = NO;
				CLANG_CXX_LANGUAGE_STANDARD = "gnu++0x";
				CLANG_CXX_LIBRARY = "libc++";
				CLANG_ENABLE_MODULES = YES;
				CLANG_ENABLE_OBJC_ARC = YES;
				CLANG_WARN_BOOL_CONVERSION = YES;
				CLANG_WARN_CONSTANT_CONVERSION = YES;
				CLANG_WARN_DIRECT_OBJC_ISA_USAGE = YES_ERROR;
				CLANG_WARN_EMPTY_BODY = YES;
				CLANG_WARN_ENUM_CONVERSION = YES;
				CLANG_WARN_INT_CONVERSION = YES;
				CLANG_WARN_OBJC_ROOT_CLASS = YES_ERROR;
				CLANG_WARN_UNREACHABLE_CODE = YES;
				CLANG_WARN__DUPLICATE_METHOD_MATCH = YES;
				"CODE_SIGN_IDENTITY[sdk=iphoneos*]" = "iPhone Developer";
				COPY_PHASE_STRIP = NO;
				ENABLE_STRICT_OBJC_MSGSEND = YES;
				GCC_C_LANGUAGE_STANDARD = gnu99;
				GCC_DYNAMIC_NO_PIC = NO;
				GCC_OPTIMIZATION_LEVEL = 0;
				GCC_PREPROCESSOR_DEFINITIONS = (
					"DEBUG=1",
					"$(inherited)",
				);
				GCC_SYMBOLS_PRIVATE_EXTERN = NO;
				GCC_WARN_64_TO_32_BIT_CONVERSION = YES;
				GCC_WARN_ABOUT_RETURN_TYPE = YES_ERROR;
				GCC_WARN_UNDECLARED_SELECTOR = YES;
				GCC_WARN_UNINITIALIZED_AUTOS = YES_AGGRESSIVE;
				GCC_WARN_UNUSED_FUNCTION = YES;
				GCC_WARN_UNUSED_VARIABLE = YES;
				IPHONEOS_DEPLOYMENT_TARGET = 8.1;
				MTL_ENABLE_DEBUG_INFO = YES;
				ONLY_ACTIVE_ARCH = YES;
				SDKROOT = iphoneos;
				SWIFT_OPTIMIZATION_LEVEL = "-Onone";
			};
			name = Debug;
		};
		F3AD39061A41502F00F7BB89 /* Release */ = {
			isa = XCBuildConfiguration;
			buildSettings = {
				ALWAYS_SEARCH_USER_PATHS = NO;
				CLANG_CXX_LANGUAGE_STANDARD = "gnu++0x";
				CLANG_CXX_LIBRARY = "libc++";
				CLANG_ENABLE_MODULES = YES;
				CLANG_ENABLE_OBJC_ARC = YES;
				CLANG_WARN_BOOL_CONVERSION = YES;
				CLANG_WARN_CONSTANT_CONVERSION = YES;
				CLANG_WARN_DIRECT_OBJC_ISA_USAGE = YES_ERROR;
				CLANG_WARN_EMPTY_BODY = YES;
				CLANG_WARN_ENUM_CONVERSION = YES;
				CLANG_WARN_INT_CONVERSION = YES;
				CLANG_WARN_OBJC_ROOT_CLASS = YES_ERROR;
				CLANG_WARN_UNREACHABLE_CODE = YES;
				CLANG_WARN__DUPLICATE_METHOD_MATCH = YES;
				"CODE_SIGN_IDENTITY[sdk=iphoneos*]" = "iPhone Developer";
				COPY_PHASE_STRIP = YES;
				ENABLE_NS_ASSERTIONS = NO;
				ENABLE_STRICT_OBJC_MSGSEND = YES;
				GCC_C_LANGUAGE_STANDARD = gnu99;
				GCC_WARN_64_TO_32_BIT_CONVERSION = YES;
				GCC_WARN_ABOUT_RETURN_TYPE = YES_ERROR;
				GCC_WARN_UNDECLARED_SELECTOR = YES;
				GCC_WARN_UNINITIALIZED_AUTOS = YES_AGGRESSIVE;
				GCC_WARN_UNUSED_FUNCTION = YES;
				GCC_WARN_UNUSED_VARIABLE = YES;
				IPHONEOS_DEPLOYMENT_TARGET = 8.1;
				MTL_ENABLE_DEBUG_INFO = NO;
				SDKROOT = iphoneos;
				VALIDATE_PRODUCT = YES;
			};
			name = Release;
		};
		F3AD39081A41502F00F7BB89 /* Debug */ = {
			isa = XCBuildConfiguration;
			buildSettings = {
				ASSETCATALOG_COMPILER_APPICON_NAME = AppIcon;
				CODE_SIGN_IDENTITY = "iPhone Developer";
				"CODE_SIGN_IDENTITY[sdk=iphoneos*]" = "iPhone Developer";
				INFOPLIST_FILE = ScrapFaceDemo/Info.plist;
				IPHONEOS_DEPLOYMENT_TARGET = 8.0;
				LD_RUNPATH_SEARCH_PATHS = "$(inherited) @executable_path/Frameworks";
				PRODUCT_NAME = "$(TARGET_NAME)";
				PROVISIONING_PROFILE = "";
			};
			name = Debug;
		};
		F3AD39091A41502F00F7BB89 /* Release */ = {
			isa = XCBuildConfiguration;
			buildSettings = {
				ASSETCATALOG_COMPILER_APPICON_NAME = AppIcon;
				CODE_SIGN_IDENTITY = "iPhone Developer";
				"CODE_SIGN_IDENTITY[sdk=iphoneos*]" = "iPhone Developer";
				INFOPLIST_FILE = ScrapFaceDemo/Info.plist;
				IPHONEOS_DEPLOYMENT_TARGET = 8.0;
				LD_RUNPATH_SEARCH_PATHS = "$(inherited) @executable_path/Frameworks";
				PRODUCT_NAME = "$(TARGET_NAME)";
				PROVISIONING_PROFILE = "";
			};
			name = Release;
		};
		F3AD390B1A41502F00F7BB89 /* Debug */ = {
			isa = XCBuildConfiguration;
			buildSettings = {
				BUNDLE_LOADER = "$(TEST_HOST)";
				FRAMEWORK_SEARCH_PATHS = (
					"$(SDKROOT)/Developer/Library/Frameworks",
					"$(inherited)",
				);
				GCC_PREPROCESSOR_DEFINITIONS = (
					"DEBUG=1",
					"$(inherited)",
				);
				INFOPLIST_FILE = ScrapFaceDemoTests/Info.plist;
				LD_RUNPATH_SEARCH_PATHS = "$(inherited) @executable_path/Frameworks @loader_path/Frameworks";
				PRODUCT_NAME = "$(TARGET_NAME)";
				TEST_HOST = "$(BUILT_PRODUCTS_DIR)/ScrapFaceDemo.app/ScrapFaceDemo";
			};
			name = Debug;
		};
		F3AD390C1A41502F00F7BB89 /* Release */ = {
			isa = XCBuildConfiguration;
			buildSettings = {
				BUNDLE_LOADER = "$(TEST_HOST)";
				FRAMEWORK_SEARCH_PATHS = (
					"$(SDKROOT)/Developer/Library/Frameworks",
					"$(inherited)",
				);
				INFOPLIST_FILE = ScrapFaceDemoTests/Info.plist;
				LD_RUNPATH_SEARCH_PATHS = "$(inherited) @executable_path/Frameworks @loader_path/Frameworks";
				PRODUCT_NAME = "$(TARGET_NAME)";
				TEST_HOST = "$(BUILT_PRODUCTS_DIR)/ScrapFaceDemo.app/ScrapFaceDemo";
			};
			name = Release;
		};
/* End XCBuildConfiguration section */

/* Begin XCConfigurationList section */
		F3AD38E31A41502F00F7BB89 /* Build configuration list for PBXProject "ScrapFaceDemo" */ = {
			isa = XCConfigurationList;
			buildConfigurations = (
				F3AD39051A41502F00F7BB89 /* Debug */,
				F3AD39061A41502F00F7BB89 /* Release */,
			);
			defaultConfigurationIsVisible = 0;
			defaultConfigurationName = Release;
		};
		F3AD39071A41502F00F7BB89 /* Build configuration list for PBXNativeTarget "ScrapFaceDemo" */ = {
			isa = XCConfigurationList;
			buildConfigurations = (
				F3AD39081A41502F00F7BB89 /* Debug */,
				F3AD39091A41502F00F7BB89 /* Release */,
			);
			defaultConfigurationIsVisible = 0;
			defaultConfigurationName = Release;
		};
		F3AD390A1A41502F00F7BB89 /* Build configuration list for PBXNativeTarget "ScrapFaceDemoTests" */ = {
			isa = XCConfigurationList;
			buildConfigurations = (
				F3AD390B1A41502F00F7BB89 /* Debug */,
				F3AD390C1A41502F00F7BB89 /* Release */,
			);
			defaultConfigurationIsVisible = 0;
			defaultConfigurationName = Release;
		};
/* End XCConfigurationList section */
	};
	rootObject = F3AD38E01A41502F00F7BB89 /* Project object */;
}
